# This file is automatically @generated by Cargo.
# It is not intended for manual editing.
version = 3

[[package]]
name = "aho-corasick"
version = "0.7.20"
source = "registry+https://github.com/rust-lang/crates.io-index"
checksum = "cc936419f96fa211c1b9166887b38e5e40b19958e5b895be7c1f93adec7071ac"
dependencies = [
 "memchr",
]

[[package]]
name = "d01_01"
version = "0.1.0"

[[package]]
name = "d01_02"
version = "0.1.0"
dependencies = [
 "itertools",
]

[[package]]
name = "d02_01"
version = "0.1.0"

[[package]]
name = "d02_02"
version = "0.1.0"

[[package]]
name = "d03_01"
version = "0.1.0"

[[package]]
name = "d03_02"
version = "0.1.0"

[[package]]
name = "d04_01"
version = "0.1.0"

[[package]]
name = "d04_02"
version = "0.1.0"

[[package]]
name = "d05_01"
version = "0.1.0"

[[package]]
name = "d05_02"
version = "0.1.0"

[[package]]
name = "d06_01"
version = "0.1.0"
dependencies = [
 "itertools",
]

[[package]]
name = "d06_02"
version = "0.1.0"
dependencies = [
 "itertools",
]

[[package]]
name = "d07_01"
version = "0.1.0"

[[package]]
name = "d07_02"
version = "0.1.0"

[[package]]
name = "d08_01"
version = "0.1.0"

[[package]]
name = "d08_02"
version = "0.1.0"

[[package]]
name = "d09_01"
version = "0.1.0"

[[package]]
name = "d09_02"
version = "0.1.0"

[[package]]
name = "d10_01"
version = "0.1.0"

[[package]]
name = "d10_02"
version = "0.1.0"

[[package]]
name = "d11_01"
version = "0.1.0"
dependencies = [
 "lazy_static",
 "regex",
]

[[package]]
name = "d11_02"
version = "0.1.0"
dependencies = [
 "lazy_static",
 "regex",
]

[[package]]
name = "d12_01"
version = "0.1.0"

[[package]]
name = "d12_02"
version = "0.1.0"

[[package]]
name = "d13_01"
version = "0.1.0"

[[package]]
name = "d13_02"
version = "0.1.0"

[[package]]
name = "d14_01"
version = "0.1.0"

[[package]]
name = "d14_02"
version = "0.1.0"

[[package]]
name = "d15_01"
version = "0.1.0"
dependencies = [
 "lazy_static",
 "regex",
]

[[package]]
name = "d15_02"
version = "0.1.0"
dependencies = [
 "lazy_static",
 "regex",
]

[[package]]
name = "d16_01"
version = "0.1.0"
dependencies = [
 "lazy_static",
 "regex",
]

[[package]]
name = "d16_02"
version = "0.1.0"

[[package]]
name = "d17_01"
version = "0.1.0"
dependencies = [
 "lazy_static",
]

[[package]]
name = "d17_02"
version = "0.1.0"
dependencies = [
 "lazy_static",
]

[[package]]
name = "d18_01"
version = "0.1.0"

[[package]]
name = "d18_02"
version = "0.1.0"

[[package]]
name = "d19_01"
version = "0.1.0"
dependencies = [
 "lazy_static",
 "regex",
]

[[package]]
name = "d19_02"
version = "0.1.0"
dependencies = [
 "lazy_static",
 "regex",
]

[[package]]
name = "d20_01"
version = "0.1.0"

[[package]]
name = "d20_02"
version = "0.1.0"

[[package]]
name = "d21_01"
version = "0.1.0"
dependencies = [
 "lazy_static",
 "regex",
]

[[package]]
name = "d21_02"
version = "0.1.0"
dependencies = [
 "lazy_static",
 "regex",
]

[[package]]
name = "d22_01"
version = "0.1.0"
dependencies = [
 "lazy_static",
 "regex",
]

[[package]]
name = "d22_02"
version = "0.1.0"
dependencies = [
 "lazy_static",
 "regex",
]

[[package]]
name = "d23_01"
version = "0.1.0"

[[package]]
name = "d23_02"
version = "0.1.0"

[[package]]
name = "either"
version = "1.8.0"
source = "registry+https://github.com/rust-lang/crates.io-index"
checksum = "90e5c1c8368803113bf0c9584fc495a58b86dc8a29edbf8fe877d21d9507e797"

[[package]]
name = "itertools"
version = "0.10.5"
source = "registry+https://github.com/rust-lang/crates.io-index"
checksum = "b0fd2260e829bddf4cb6ea802289de2f86d6a7a690192fbe91b3f46e0f2c8473"
dependencies = [
 "either",
]

[[package]]
name = "lazy_static"
version = "1.4.0"
source = "registry+https://github.com/rust-lang/crates.io-index"
checksum = "e2abad23fbc42b3700f2f279844dc832adb2b2eb069b2df918f455c4e18cc646"

[[package]]
name = "memchr"
version = "2.5.0"
source = "registry+https://github.com/rust-lang/crates.io-index"
checksum = "2dffe52ecf27772e601905b7522cb4ef790d2cc203488bbd0e2fe85fcb74566d"

[[package]]
name = "regex"
version = "1.7.0"
source = "registry+https://github.com/rust-lang/crates.io-index"
checksum = "e076559ef8e241f2ae3479e36f97bd5741c0330689e217ad51ce2c76808b868a"
dependencies = [
 "aho-corasick",
 "memchr",
 "regex-syntax",
]

[[package]]
name = "regex-syntax"
version = "0.6.28"
source = "registry+https://github.com/rust-lang/crates.io-index"
checksum = "456c603be3e8d448b072f410900c09faf164fbce2d480456f50eea6e25f9c848"

[[package]]
name = "runner"
version = "0.1.0"
dependencies = [
 "d01_01",
 "d01_02",
 "d02_01",
 "d02_02",
 "d03_01",
 "d03_02",
 "d04_01",
 "d04_02",
 "d05_01",
 "d05_02",
 "d06_01",
 "d06_02",
 "d07_01",
 "d07_02",
 "d08_01",
 "d08_02",
 "d09_01",
 "d09_02",
 "d10_01",
 "d10_02",
 "d11_01",
 "d11_02",
 "d12_01",
 "d12_02",
 "d13_01",
 "d13_02",
 "d14_01",
 "d14_02",
 "d15_01",
 "d15_02",
 "d16_01",
 "d16_02",
 "d17_01",
 "d17_02",
 "d18_01",
 "d18_02",
 "d19_01",
 "d19_02",
 "d20_01",
 "d20_02",
 "d21_01",
 "d21_02",
 "d22_01",
 "d22_02",
 "d23_01",
 "d23_02",
]
